<Solution>
  <Folder Name="/Essential.Culture/">
    <Project Path="src/Essential.Culture/Essential.Culture/Essential.Culture.csproj" />
    <Project Path="src/Essential.Culture/Essential.Culture.Avalonia/Essential.Culture.Avalonia.csproj" />
    <Project Path="src/Essential.Culture/Essential.Culture.Wpf/Essential.Culture.Wpf.csproj" />
    <Project Path="src/Essential.Culture/Essential.Culture.WinUI/Essential.Culture.WinUI.csproj" />
    <Project Path="src/Essential.Culture/Essential.Culture.Generator/Essential.Culture.Generator.csproj" />
    <Project Path="src/Essential.Culture/Essential.Culture.Blazor/Essential.Culture.Blazor.csproj" />
  </Folder>
  <Folder Name="/Tests/">
    <Project Path="tests/Tests.Essential.Culture.Generator/Tests.Essential.Culture.Generator.csproj" />
    <Project Path="tests/Tests.Essential.Culture/Tests.Essential.Culture.csproj" />
    <Project Path="tests/Tests.Essential.Culture.WinUI/Tests.Essential.Culture.WinUI.csproj" />
    <Project Path="tests/Tests.Essential.Culture.Blazor/Tests.Essential.Culture.Blazor.csproj" />
  </Folder>
  <Folder Name="/Solutions/">
    <File Path="src/Essential.Culture/Essential.Culture.slnx" />
    <File Path="demo/Gallery.Essential.Culture.slnx" />
  </Folder>
</Solution>
