<Solution>
  <Project Path="src/LangKey/LangKey.csproj" />
  <Project Path="src/LangKey.DependencyInjection/LangKey.DependencyInjection.csproj" />
  <Project Path="src/LangKey.Avalonia.Runtime/LangKey.Avalonia.Runtime.csproj" />
  <Project Path="src/LangKey.Avalonia/LangKey.Avalonia.csproj" />
  <Project Path="src/LangKey.Wpf.Runtime/LangKey.Wpf.Runtime.csproj" />
  <Project Path="src/LangKey.Wpf/LangKey.Wpf.csproj" />
  <Project Path="src/LangKey.WinUI.Runtime/LangKey.WinUI.Runtime.csproj" />
  <Project Path="src/LangKey.WinUI/LangKey.WinUI.csproj" />
  <Project Path="src/LangKey.Generator/LangKey.Generator.csproj" />
  <Project Path="tests/LangKey.Generator.Test/LangKey.Generator.Test.csproj" />
  <Project Path="tests/LangKey.Test/LangKey.Test.csproj" />
</Solution>
