<Solution>
  <Project Path="Essential.Culture/Essential.Culture.csproj" />
  <Project Path="Essential.Culture.Avalonia/Essential.Culture.Avalonia.csproj" />
  <Project Path="Essential.Culture.Wpf/Essential.Culture.Wpf.csproj" />
  <Project Path="Essential.Culture.WinUI/Essential.Culture.WinUI.csproj" />
  <Project Path="Essential.Culture.Generator/Essential.Culture.Generator.csproj" />
  <Project Path="Essential.Culture.Blazor/Essential.Culture.Blazor.csproj" />
  <Folder Name="/Tests/">
    <Project Path="../../tests/Essential.Culture.Generator.Test/Essential.Culture.Generator.Test.csproj" />
    <Project Path="../../tests/Essential.Culture.Test/Essential.Culture.Test.csproj" />
    <Project Path="../../tests/Essential.Culture.WinUI.Test/Essential.Culture.WinUI.Test.csproj" />
    <Project Path="../../tests/Essential.Culture.Blazor.Test/Essential.Culture.Blazor.Test.csproj" />
  </Folder>
</Solution>
