<Solution>
  <Project Path="Essential.Culture/Essential.Culture.csproj" />
  <Project Path="Essential.Culture.Avalonia/Essential.Culture.Avalonia.csproj" />
  <Project Path="Essential.Culture.Wpf/Essential.Culture.Wpf.csproj" />
  <Project Path="Essential.Culture.WinUI/Essential.Culture.WinUI.csproj" />
  <Project Path="Essential.Culture.Generator/Essential.Culture.Generator.csproj" />
  <Project Path="Essential.Culture.Blazor/Essential.Culture.Blazor.csproj" />
  <Folder Name="/Tests/">
    <Project Path="../../tests/Tests.Essential.Culture.Generator/Tests.Essential.Culture.Generator.csproj" />
    <Project Path="../../tests/Tests.Essential.Culture/Tests.Essential.Culture.csproj" />
    <Project Path="../../tests/Tests.Essential.Culture.WinUI/Tests.Essential.Culture.WinUI.csproj" />
    <Project Path="../../tests/Tests.Essential.Culture.Blazor/Tests.Essential.Culture.Blazor.csproj" />
  </Folder>
</Solution>
