<Solution>
  <Project Path="Essential.Culture.Demo.Console/Essential.Culture.Demo.Console.csproj" />
  <Project Path="Essential.Culture.Demo.Wpf/Essential.Culture.Demo.Wpf.csproj" />
  <Project Path="Essential.Culture.Demo.Avalonia/Essential.Culture.Demo.Avalonia.csproj" />
  <Project Path="Essential.Culture.Demo.WinUI3/Essential.Culture.Demo.WinUI3.csproj" />
</Solution>
